{
  "version": 2,
  "dependencies": {
    "net10.0": {
      "Microsoft.Testing.Extensions.CodeCoverage": {
        "type": "Direct",
        "requested": "[18.11.0, )",
        "resolved": "18.11.0",
        "contentHash": "Kqzpt/I7tmXn5qudrmMj4GMGNuFOtN591KqSOTB+rPfWXS/l3I9o742YKiqagQuXzmydX+6BiI9yINZu05vmxA==",
        "dependencies": {
          "Microsoft.DiaSymReader": "2.2.10",
          "Microsoft.Extensions.DependencyModel": "10.0.10",
          "Microsoft.Testing.Platform": "2.4.0"
        }
      },
      "Microsoft.Testing.Extensions.TrxReport": {
        "type": "Direct",
        "requested": "[2.4.0, )",
        "resolved": "2.4.0",
        "contentHash": "WkOaIp/ivwcaF34rmUAIjafnWJ/chI/2hvH/wLQlLXKNDDvaRYvjkxWC7l0+Ib+C4dGrylUonM4kHwJujlkVKw==",
        "dependencies": {
          "Microsoft.Testing.Extensions.TrxReport.Abstractions": "2.4.0",
          "Microsoft.Testing.Platform": "[2.4.0, 3.0.0)"
        }
      },
      "MSTest.TestAdapter": {
        "type": "Direct",
        "requested": "[4.4.0, )",
        "resolved": "4.4.0",
        "contentHash": "xZdlCr2r/6XFOo67jcemJsfm46tTgXdqtnISFIuDUAJf5Yxk07XpTC9eMUErLdlYD8QM9zw07eOPre7+nTayUg==",
        "dependencies": {
          "MSTest.TestFramework": "4.4.0",
          "Microsoft.TestPlatform.ObjectModel": "18.9.0",
          "Microsoft.Testing.Extensions.Telemetry": "2.4.0",
          "Microsoft.Testing.Extensions.TrxReport.Abstractions": "2.4.0",
          "Microsoft.Testing.Platform.MSBuild": "2.4.0"
        }
      },
      "MSTest.TestFramework": {
        "type": "Direct",
        "requested": "[4.4.0, )",
        "resolved": "4.4.0",
        "contentHash": "sfJzj3ntdU/GahJd2n+WQLgKqbV0RRMJVXtjRwRQLhblevlzLSDAOocOKANhfMaCEQ5dMt6348ztbVq/Ap60xA==",
        "dependencies": {
          "MSTest.Analyzers": "4.4.0"
        }
      },
      "libsodium": {
        "type": "Transitive",
        "resolved": "1.0.22",
        "contentHash": "KPD9SloJFclrsjnhABu7dzWrcyYkwPbvx5l1gRSPAX/0n+OBtSiVCKtGFv4n+ecWUHU0tCG9LSSwoZZx673zBQ=="
      },
      "Microsoft.ApplicationInsights": {
        "type": "Transitive",
        "resolved": "2.23.0",
        "contentHash": "nWArUZTdU7iqZLycLKWe0TDms48KKGE6pONH2terYNa8REXiqixrMOkf1sk5DHGMaUTqONU2YkS4SAXBhLStgw=="
      },
      "Microsoft.AspNetCore.Authorization": {
        "type": "Transitive",
        "resolved": "10.0.1",
        "contentHash": "Y9QE0gH4Q4cR7ZRToFju47c1MoeqxaLHdpzOviqD2TmnGGAeDMT9AV56j2BOVm5CsJAVyI/USxLYrkk2NVinZA==",
        "dependencies": {
          "Microsoft.AspNetCore.Metadata": "10.0.1",
          "Microsoft.Extensions.Diagnostics": "10.0.1",
          "Microsoft.Extensions.Logging.Abstractions": "10.0.1",
          "Microsoft.Extensions.Options": "10.0.1"
        }
      },
      "Microsoft.AspNetCore.Components": {
        "type": "Transitive",
        "resolved": "10.0.1",
        "contentHash": "SbABcQ7soM9jC/HvPKrg/smQxsMD2gW9iHBRFtBiYTMSs5Vqh7+i47BTOe3OM3IGzly2FiOmeNHJhMYK7YFGWA==",
        "dependencies": {
          "Microsoft.AspNetCore.Authorization": "10.0.1",
          "Microsoft.AspNetCore.Components.Analyzers": "10.0.1"
        }
      },
      "Microsoft.AspNetCore.Components.Analyzers": {
        "type": "Transitive",
        "resolved": "10.0.1",
        "contentHash": "V4nOq0mNoX9OWz9pJz4uLcAu4GXWUKKHeoxKwugYhFOh4Yh3n7/+xXfgSXK1PZZOIQ3e1vJ7CNvB6evv4YphEA=="
      },
      "Microsoft.AspNetCore.Components.Forms": {
        "type": "Transitive",
        "resolved": "10.0.1",
        "contentHash": "aWUpLOz749gwMMaKe81tet+INC8nfskbauF2VO5Qr3lspj/l8S24zNLr95Bl8EwAizvBCNqwb8fPFU1dnn3WbA==",
        "dependencies": {
          "Microsoft.AspNetCore.Components": "10.0.1",
          "Microsoft.Extensions.Validation": "10.0.1"
        }
      },
      "Microsoft.AspNetCore.Components.Web": {
        "type": "Transitive",
        "resolved": "10.0.1",
        "contentHash": "hX74ijqAiUfIo6WpvLWignGYp7tkrRR3KRVBErwFSAcsiHeaCxGM81fYRXd9rf+gkFUNoKvcSxYyVZc2vFJVXg==",
        "dependencies": {
          "Microsoft.AspNetCore.Components": "10.0.1",
          "Microsoft.AspNetCore.Components.Forms": "10.0.1",
          "Microsoft.Extensions.DependencyInjection": "10.0.1",
          "Microsoft.Extensions.Primitives": "10.0.1",
          "Microsoft.JSInterop": "10.0.1"
        }
      },
      "Microsoft.AspNetCore.Metadata": {
        "type": "Transitive",
        "resolved": "10.0.1",
        "contentHash": "6JrG03xROuR4mQIHGcT8OnaKVBoPLLbto5RicKQIUV3JIU7cZYKIWDAnk0SQcl7ziQr6R327D6QBOo+PbYnnrw=="
      },
      "Microsoft.DiaSymReader": {
        "type": "Transitive",
        "resolved": "2.2.10",
        "contentHash": "zmGsm6b2y3STDa/Of7rdkkfTDV8VuGB8aCqIkLoJIQh5tL78K3zJ8OUyFKnfsaORXmGr9iOKwDkZfUjeXi+CwA=="
      },
      "Microsoft.Extensions.Configuration": {
        "type": "Transitive",
        "resolved": "10.0.1",
        "contentHash": "njoRekyMIK+smav8B6KL2YgIfUtlsRNuT7wvurpLW+m/hoRKVnoELk2YxnUnWRGScCd1rukLMxShwLqEOKowDg==",
        "dependencies": {
          "Microsoft.Extensions.Configuration.Abstractions": "10.0.1",
          "Microsoft.Extensions.Primitives": "10.0.1"
        }
      },
      "Microsoft.Extensions.Configuration.Abstractions": {
        "type": "Transitive",
        "resolved": "10.0.1",
        "contentHash": "kPlU11hql+L9RjrN2N9/0GcRcRcZrNFlLLjadasFWeBORT6pL6OE+RYRk90GGCyVGSxTK+e1/f3dsMj5zpFFiQ==",
        "dependencies": {
          "Microsoft.Extensions.Primitives": "10.0.1"
        }
      },
      "Microsoft.Extensions.Configuration.Binder": {
        "type": "Transitive",
        "resolved": "10.0.1",
        "contentHash": "Lp4CZIuTVXtlvkAnTq6QvMSW7+H62gX2cU2vdFxHQUxvrWTpi7LwYI3X+YAyIS0r12/p7gaosco7efIxL4yFNw==",
        "dependencies": {
          "Microsoft.Extensions.Configuration": "10.0.1",
          "Microsoft.Extensions.Configuration.Abstractions": "10.0.1"
        }
      },
      "Microsoft.Extensions.DependencyInjection": {
        "type": "Transitive",
        "resolved": "10.0.12",
        "contentHash": "lXyK2O5GoYvfxW8eCFcD16JFbcoSTM1sJkAM0UHS1jZyl9NYMW64Tqm6OQFT0IDBjZi+xHt95/Zg+nxZhGFhZg==",
        "dependencies": {
          "Microsoft.Extensions.DependencyInjection.Abstractions": "10.0.12"
        }
      },
      "Microsoft.Extensions.DependencyInjection.Abstractions": {
        "type": "Transitive",
        "resolved": "10.0.12",
        "contentHash": "9/qymSh7hVDMGTGwrLz8MRp5zRyXy9adGDOs4HwRdnLil3oZGYuWeZjbmHgCQ9BL1qBroVfgUK3U/nb61617Cw=="
      },
      "Microsoft.Extensions.DependencyModel": {
        "type": "Transitive",
        "resolved": "10.0.10",
        "contentHash": "rfZA1RjR021RPqSmIPovfz2aOd79TGqJ9BengbjnzIISOVwjLmuSDnhCMmiY/1c6iYvGolQ1iNGzkav0u11XEA=="
      },
      "Microsoft.Extensions.Diagnostics": {
        "type": "Transitive",
        "resolved": "10.0.1",
        "contentHash": "YaocqxscJLxLit0F5yq2XyB+9C7rSRfeTL7MJIl7XwaOoUO3i0EqfO2kmtjiRduYWw7yjcSINEApYZbzjau2gQ==",
        "dependencies": {
          "Microsoft.Extensions.Configuration": "10.0.1",
          "Microsoft.Extensions.Diagnostics.Abstractions": "10.0.1",
          "Microsoft.Extensions.Options.ConfigurationExtensions": "10.0.1"
        }
      },
      "Microsoft.Extensions.Diagnostics.Abstractions": {
        "type": "Transitive",
        "resolved": "10.0.1",
        "contentHash": "QMoMrkNpnQym5mpfdxfxpRDuqLpsOuztguFvzH9p+Ex+do+uLFoi7UkAsBO4e9/tNR3eMFraFf2fOAi2cp3jjA==",
        "dependencies": {
          "Microsoft.Extensions.DependencyInjection.Abstractions": "10.0.1",
          "Microsoft.Extensions.Options": "10.0.1"
        }
      },
      "Microsoft.Extensions.Localization": {
        "type": "Transitive",
        "resolved": "10.0.1",
        "contentHash": "yJBI3IRm9uTRu7cPc7i90/8+CuiiJJ5M4khj6iWQcYnq6VrG+H2U5GzpRLtkVCsgxc1LjtkNMEbSDatfBA+z5g==",
        "dependencies": {
          "Microsoft.Extensions.DependencyInjection.Abstractions": "10.0.1",
          "Microsoft.Extensions.Localization.Abstractions": "10.0.1",
          "Microsoft.Extensions.Logging.Abstractions": "10.0.1",
          "Microsoft.Extensions.Options": "10.0.1"
        }
      },
      "Microsoft.Extensions.Localization.Abstractions": {
        "type": "Transitive",
        "resolved": "10.0.1",
        "contentHash": "TQSQWF+iZdtGNgPiu7gKUqrTEeRD/mhk7KeYiuEwmTUPbawsYfPSNzSvOOeueJ0nU1697X8HZ2vCp2ByHNHkZg=="
      },
      "Microsoft.Extensions.Logging": {
        "type": "Transitive",
        "resolved": "10.0.12",
        "contentHash": "6I46fTPfgYkrjRYfRXbho9WOvOelTnNjWuZws/hzGHDASH1LEJeA4VKK9k3wJvido8o7jJSB5WkMTonX7HM1bA==",
        "dependencies": {
          "Microsoft.Extensions.DependencyInjection": "10.0.12",
          "Microsoft.Extensions.Logging.Abstractions": "10.0.12",
          "Microsoft.Extensions.Options": "10.0.12"
        }
      },
      "Microsoft.Extensions.Logging.Abstractions": {
        "type": "Transitive",
        "resolved": "10.0.12",
        "contentHash": "+24lC4plfbEDNfLAdTV/SWKS7dW+16X4HdydO3R++134kSNTzcbYA4KpR1Hdh6uWisB8Za3AzwyOn+K+NxWIug==",
        "dependencies": {
          "Microsoft.Extensions.DependencyInjection.Abstractions": "10.0.12"
        }
      },
      "Microsoft.Extensions.Options": {
        "type": "Transitive",
        "resolved": "10.0.12",
        "contentHash": "TDYD33TSRpXKZWlmTXNlj5kCihxatmv2Ec1u6C+bMYLphCS7PoSLE9Pjd/nunDoE7yETk+LLKjVJX78HYtWjpA==",
        "dependencies": {
          "Microsoft.Extensions.DependencyInjection.Abstractions": "10.0.12",
          "Microsoft.Extensions.Primitives": "10.0.12"
        }
      },
      "Microsoft.Extensions.Options.ConfigurationExtensions": {
        "type": "Transitive",
        "resolved": "10.0.1",
        "contentHash": "pL78/Im7O3WmxHzlKUsWTYchKL881udU7E26gCD3T0+/tPhWVfjPwMzfN/MRKU7aoFYcOiqcG2k1QTlH5woWow==",
        "dependencies": {
          "Microsoft.Extensions.Configuration.Abstractions": "10.0.1",
          "Microsoft.Extensions.Configuration.Binder": "10.0.1",
          "Microsoft.Extensions.DependencyInjection.Abstractions": "10.0.1",
          "Microsoft.Extensions.Options": "10.0.1",
          "Microsoft.Extensions.Primitives": "10.0.1"
        }
      },
      "Microsoft.Extensions.Primitives": {
        "type": "Transitive",
        "resolved": "10.0.12",
        "contentHash": "dYfCLR52UA+3DL7C4I/pvSaRPkNqxrUAQmbFL2u0zvYKKzqgrFCJl08Df+F1aYc8leu9JvpC9bsURUdpExcBXQ=="
      },
      "Microsoft.Extensions.Validation": {
        "type": "Transitive",
        "resolved": "10.0.1",
        "contentHash": "5bcu9zWhgY8AZUN1ERNH0BQKFh10xlx4UrCh+0cDn7wB01QkrK4S6Jh45fCgEqmWJWVGqBS2g8MN0Lu/99Zgdg==",
        "dependencies": {
          "Microsoft.Extensions.DependencyInjection.Abstractions": "10.0.1",
          "Microsoft.Extensions.Options": "10.0.1"
        }
      },
      "Microsoft.JSInterop": {
        "type": "Transitive",
        "resolved": "10.0.1",
        "contentHash": "pTfoYBjs7HKmTEk9cNWcSySdTKT8USjviLgmMaSs/YA0+oONufKy9hqqZ5EE4CNy9y24SDDc9lerXfV7aiVfWA=="
      },
      "Microsoft.Testing.Extensions.Telemetry": {
        "type": "Transitive",
        "resolved": "2.4.0",
        "contentHash": "JeP1RFqBa11fWmBk8xEfZcMKr4rxWSyI6OZ+659V069CaMkTEOQBW2UdSSeNz3absOsygcn7JJkzerC4LGnZ9w==",
        "dependencies": {
          "Microsoft.ApplicationInsights": "2.23.0",
          "Microsoft.Testing.Platform": "[2.4.0, 3.0.0)"
        }
      },
      "Microsoft.Testing.Extensions.TrxReport.Abstractions": {
        "type": "Transitive",
        "resolved": "2.4.0",
        "contentHash": "uRb+4qM42dFDg4kWJZ2kFEcwESNVCRZJjItp5vETorN3rSJGysP617LqYirOcrCYmxg+obPreHMM5JcsNDKtBw==",
        "dependencies": {
          "Microsoft.Testing.Platform": "[2.4.0, 3.0.0)"
        }
      },
      "Microsoft.Testing.Platform": {
        "type": "Transitive",
        "resolved": "2.4.0",
        "contentHash": "dp1N3P1ujb0ztwFgqz2o/ItEvq+pm19/AiA+Xq7Zpcy7oPMcxDBZLYGtf0LlU1MveEBJuKVjZhI+LnkfcH/0jQ=="
      },
      "Microsoft.Testing.Platform.MSBuild": {
        "type": "Transitive",
        "resolved": "2.4.0",
        "contentHash": "qr5M6h16YHMJLFDcWELFVMMpGte2BUmveBZKT5YoBV+bmuJRPu9bv/Zqke4yQuOEKRNxoAETrG5jr+/6Rnr3Hg==",
        "dependencies": {
          "Microsoft.Testing.Platform": "[2.4.0, 3.0.0)"
        }
      },
      "Microsoft.TestPlatform.ObjectModel": {
        "type": "Transitive",
        "resolved": "18.9.0",
        "contentHash": "Fz/qXC52VXXopzHj7v2reCKcCqSxkTDCkEDfkNAH0vni/7qK/KLMiEYtRmnUanxO2F2g2zZZ60qCpxF0AF7URA=="
      },
      "MSTest.Analyzers": {
        "type": "Transitive",
        "resolved": "4.4.0",
        "contentHash": "8g2KL2LjsXXVywvQb0uWQBANOONVnRf6cTSbON9ar6gIw08oSBY7Z3PJlC8sHbqOVvCr7srrcWiKzb12SUoV2w=="
      },
      "NSec.Cryptography": {
        "type": "Transitive",
        "resolved": "26.4.0",
        "contentHash": "0vsCtY5f+YgQROiWNqzgWp+l2pddfk9FkWoGV/bEo0MuEYPKlJWuoA8aOfO6qp3f+EnObKE3zSJhn1PspJeJVg==",
        "dependencies": {
          "libsodium": "[1.0.22, 1.0.23)"
        }
      },
      "SvgPathProperties": {
        "type": "Transitive",
        "resolved": "1.1.2",
        "contentHash": "oqCX5+CxcLfC1lC6gfzOSM+WOmfwn4V7yzMHQfofi+QmYoY+Hq5oye6BgnqhHC+3BSsiadLSOnfYxpcv/enkcw=="
      },
      "blazordrawfbp": {
        "type": "Project",
        "dependencies": {
          "Blazored.LocalStorage": "[4.5.0, )",
          "Capnp.Net.Runtime": "[1.0.0, )",
          "MudBlazor": "[9.9.0, )",
          "Newtonsoft.Json": "[13.0.4, )",
          "Tomlyn": "[2.10.1, )",
          "Z.Blazor.Diagrams": "[3.0.4.1, )",
          "Z.Blazor.Diagrams.Algorithms": "[3.0.4.1, )",
          "Z.Blazor.Diagrams.Core": "[3.0.4.1, )",
          "Zalf.Mas.CapnpSchemas": "[0.0.1, )",
          "common": "[1.0.0, )"
        }
      },
      "capnp.net.runtime": {
        "type": "Project",
        "dependencies": {
          "Microsoft.Extensions.Logging": "[10.0.12, )"
        }
      },
      "common": {
        "type": "Project",
        "dependencies": {
          "Capnp.Net.Runtime": "[1.0.0, )",
          "NSec.Cryptography": "[26.4.0, )",
          "Zalf.Mas.CapnpSchemas": "[0.0.1, )"
        }
      },
      "Zalf.Mas.CapnpSchemas": {
        "type": "Project",
        "dependencies": {
          "Capnp.Net.Runtime": "[1.0.0, )"
        }
      },
      "Blazored.LocalStorage": {
        "type": "CentralTransitive",
        "requested": "[4.5.0, )",
        "resolved": "4.5.0",
        "contentHash": "6nZuJwA7zNIKx83IsObiHXZb09ponJOpCClU3en+hI8ZFvrOKXeOw+H7TegQZQrvdR1n9fkrVkEBQZg8vx6ZTw==",
        "dependencies": {
          "Microsoft.AspNetCore.Components.Web": "8.0.0"
        }
      },
      "MudBlazor": {
        "type": "CentralTransitive",
        "requested": "[9.9.0, )",
        "resolved": "9.9.0",
        "contentHash": "da57tXFdMFbatyTQYDCzZ3I2pXZgOpS737+ErZuXLc2YRmSC98VL9/keJOjKd5Am8YAxg7cf3lrKqFc6IoG3ag==",
        "dependencies": {
          "Microsoft.AspNetCore.Components": "10.0.1",
          "Microsoft.AspNetCore.Components.Web": "10.0.1",
          "Microsoft.Extensions.Localization": "10.0.1"
        }
      },
      "Newtonsoft.Json": {
        "type": "CentralTransitive",
        "requested": "[13.0.4, )",
        "resolved": "13.0.4",
        "contentHash": "pdgNNMai3zv51W5aq268sujXUyx7SNdE2bj1wZcWjAQrKMFZV260lbqYop1d2GM67JI1huLRwxo9ZqnfF/lC6A=="
      },
      "Tomlyn": {
        "type": "CentralTransitive",
        "requested": "[2.10.1, )",
        "resolved": "2.10.1",
        "contentHash": "ykjOY3IpYmC4SpPcAZRTl/w2jTmhPMDydHq8xcV7tTBAQ22nKBsOkPqauIrZlMjHm03cmKfV23UOPscKp+J4Og=="
      },
      "Z.Blazor.Diagrams": {
        "type": "CentralTransitive",
        "requested": "[3.0.4.1, )",
        "resolved": "3.0.4.1",
        "contentHash": "A+Muday/GzA5p6adV5LgHsuOAC8uuOXX+1p0jo1Hde7cDEBM/CkYftTm1PaxiGLUf2YK8o+bls2A7dreC9pCyQ==",
        "dependencies": {
          "Microsoft.AspNetCore.Components": "[10.0.0, 11.0.0)",
          "Microsoft.AspNetCore.Components.Web": "[10.0.0, 11.0.0)",
          "Z.Blazor.Diagrams.Core": "3.0.4.1"
        }
      },
      "Z.Blazor.Diagrams.Algorithms": {
        "type": "CentralTransitive",
        "requested": "[3.0.4.1, )",
        "resolved": "3.0.4.1",
        "contentHash": "cMVFme+PDYWNyRvQ2N65NgTawa/0awI92dBvsDqurVzijA/75gHIEQdVKxOKT8hb0a25vPv1Xlz7GXkCYaREYQ==",
        "dependencies": {
          "Z.Blazor.Diagrams.Core": "3.0.4.1"
        }
      },
      "Z.Blazor.Diagrams.Core": {
        "type": "CentralTransitive",
        "requested": "[3.0.4.1, )",
        "resolved": "3.0.4.1",
        "contentHash": "CLBLNVgHcpCTXUZ1KTQptfIao82jrlVg1c1xnZFCF8+3WNZgRBszRrNFcPtAT8KsUiE+4+iA1eydbWdplOpq2w==",
        "dependencies": {
          "SvgPathProperties": "1.1.2"
        }
      }
    }
  }
}