
Microsoft Visual Studio Solution File, Format Version 12.00
# Visual Studio Version 17
VisualStudioVersion = 17.11.35312.102
MinimumVisualStudioVersion = 10.0.40219.1
Project("{FAE04EC0-301F-11D3-BF4B-00C04F79EFBC}") = "Capnp.Net.Runtime", "capnproto-dotnetcore\Capnp.Net.Runtime\Capnp.Net.Runtime.csproj", "{5F0E4F2B-A9A9-47C5-9A54-C448C21EE820}"
EndProject
Project("{FAE04EC0-301F-11D3-BF4B-00C04F79EFBC}") = "zalfmas_capnpschemas", "mas_capnproto_schemas\gen\csharp\zalfmas_capnpschemas.csproj", "{EF37DFEA-BC81-4E17-8E75-E2ADFFA3EF11}"
EndProject
Project("{FAE04EC0-301F-11D3-BF4B-00C04F79EFBC}") = "common", "mas_csharp_common\common.csproj", "{3686F190-23B2-4286-A4B3-660E6CF2C63F}"
EndProject
Project("{FAE04EC0-301F-11D3-BF4B-00C04F79EFBC}") = "BlazorDrawFBP", "BlazorDrawFBP.csproj", "{9F0ED7D5-7032-47FA-B6D8-B6EACE994F17}"
EndProject
Project("{FAE04EC0-301F-11D3-BF4B-00C04F79EFBC}") = "BlazorComponents", "mas_blazor_components\BlazorComponents.csproj", "{F7D8CCD8-EA41-41ED-9810-A68D8F74CD92}"
EndProject
Global
	GlobalSection(SolutionConfigurationPlatforms) = preSolution
		Debug|Any CPU = Debug|Any CPU
		Release|Any CPU = Release|Any CPU
	EndGlobalSection
	GlobalSection(ProjectConfigurationPlatforms) = postSolution
		{5F0E4F2B-A9A9-47C5-9A54-C448C21EE820}.Debug|Any CPU.ActiveCfg = Debug|Any CPU
		{5F0E4F2B-A9A9-47C5-9A54-C448C21EE820}.Debug|Any CPU.Build.0 = Debug|Any CPU
		{5F0E4F2B-A9A9-47C5-9A54-C448C21EE820}.Release|Any CPU.ActiveCfg = Release|Any CPU
		{5F0E4F2B-A9A9-47C5-9A54-C448C21EE820}.Release|Any CPU.Build.0 = Release|Any CPU
		{EF37DFEA-BC81-4E17-8E75-E2ADFFA3EF11}.Debug|Any CPU.ActiveCfg = Debug|Any CPU
		{EF37DFEA-BC81-4E17-8E75-E2ADFFA3EF11}.Debug|Any CPU.Build.0 = Debug|Any CPU
		{EF37DFEA-BC81-4E17-8E75-E2ADFFA3EF11}.Release|Any CPU.ActiveCfg = Release|Any CPU
		{EF37DFEA-BC81-4E17-8E75-E2ADFFA3EF11}.Release|Any CPU.Build.0 = Release|Any CPU
		{3686F190-23B2-4286-A4B3-660E6CF2C63F}.Debug|Any CPU.ActiveCfg = Debug|Any CPU
		{3686F190-23B2-4286-A4B3-660E6CF2C63F}.Debug|Any CPU.Build.0 = Debug|Any CPU
		{3686F190-23B2-4286-A4B3-660E6CF2C63F}.Release|Any CPU.ActiveCfg = Release|Any CPU
		{3686F190-23B2-4286-A4B3-660E6CF2C63F}.Release|Any CPU.Build.0 = Release|Any CPU
		{9F0ED7D5-7032-47FA-B6D8-B6EACE994F17}.Debug|Any CPU.ActiveCfg = Debug|Any CPU
		{9F0ED7D5-7032-47FA-B6D8-B6EACE994F17}.Debug|Any CPU.Build.0 = Debug|Any CPU
		{9F0ED7D5-7032-47FA-B6D8-B6EACE994F17}.Release|Any CPU.ActiveCfg = Release|Any CPU
		{9F0ED7D5-7032-47FA-B6D8-B6EACE994F17}.Release|Any CPU.Build.0 = Release|Any CPU
		{F7D8CCD8-EA41-41ED-9810-A68D8F74CD92}.Debug|Any CPU.ActiveCfg = Debug|Any CPU
		{F7D8CCD8-EA41-41ED-9810-A68D8F74CD92}.Debug|Any CPU.Build.0 = Debug|Any CPU
		{F7D8CCD8-EA41-41ED-9810-A68D8F74CD92}.Release|Any CPU.ActiveCfg = Release|Any CPU
		{F7D8CCD8-EA41-41ED-9810-A68D8F74CD92}.Release|Any CPU.Build.0 = Release|Any CPU
	EndGlobalSection
	GlobalSection(SolutionProperties) = preSolution
		HideSolutionNode = FALSE
	EndGlobalSection
	GlobalSection(ExtensibilityGlobals) = postSolution
		SolutionGuid = {969540A2-8162-4063-A4E3-B488F69BD582}
	EndGlobalSection
EndGlobal
