{
  "version": 2,
  "dependencies": {
    "net10.0": {
      "Microsoft.AspNetCore.App.Internal.Assets": {
        "type": "Direct",
        "requested": "[10.0.11, )",
        "resolved": "10.0.11",
        "contentHash": "tYYYBZsuF2DSz1I3hcfB8qC4nNekIKufkYZOJ2R28fNK3PkS7fJao/mIX5H84NH94UACZQ4dhvt8GDlkrJFwLg=="
      },
      "Tomlyn": {
        "type": "Direct",
        "requested": "[2.10.1, )",
        "resolved": "2.10.1",
        "contentHash": "ykjOY3IpYmC4SpPcAZRTl/w2jTmhPMDydHq8xcV7tTBAQ22nKBsOkPqauIrZlMjHm03cmKfV23UOPscKp+J4Og=="
      },
      "Z.Blazor.Diagrams": {
        "type": "Direct",
        "requested": "[3.0.4.1, )",
        "resolved": "3.0.4.1",
        "contentHash": "A+Muday/GzA5p6adV5LgHsuOAC8uuOXX+1p0jo1Hde7cDEBM/CkYftTm1PaxiGLUf2YK8o+bls2A7dreC9pCyQ==",
        "dependencies": {
          "Z.Blazor.Diagrams.Core": "3.0.4.1"
        }
      },
      "Z.Blazor.Diagrams.Algorithms": {
        "type": "Direct",
        "requested": "[3.0.4.1, )",
        "resolved": "3.0.4.1",
        "contentHash": "cMVFme+PDYWNyRvQ2N65NgTawa/0awI92dBvsDqurVzijA/75gHIEQdVKxOKT8hb0a25vPv1Xlz7GXkCYaREYQ==",
        "dependencies": {
          "Z.Blazor.Diagrams.Core": "3.0.4.1"
        }
      },
      "Z.Blazor.Diagrams.Core": {
        "type": "Direct",
        "requested": "[3.0.4.1, )",
        "resolved": "3.0.4.1",
        "contentHash": "CLBLNVgHcpCTXUZ1KTQptfIao82jrlVg1c1xnZFCF8+3WNZgRBszRrNFcPtAT8KsUiE+4+iA1eydbWdplOpq2w==",
        "dependencies": {
          "SvgPathProperties": "1.1.2"
        }
      },
      "Allegiance.Blazor.Highcharts": {
        "type": "Transitive",
        "resolved": "7.0.5",
        "contentHash": "9clPMZtSFpXZFNVHbtYaPHUAHBlF0hWyuEWOSUH3X7zw1Smue3mq6Ge1FMDV7fv63fFlSmgoTQ2zM3fnuWsNnA==",
        "dependencies": {
          "Newtonsoft.Json": "13.0.2"
        }
      },
      "Blazored.LocalStorage": {
        "type": "Transitive",
        "resolved": "4.5.0",
        "contentHash": "6nZuJwA7zNIKx83IsObiHXZb09ponJOpCClU3en+hI8ZFvrOKXeOw+H7TegQZQrvdR1n9fkrVkEBQZg8vx6ZTw=="
      },
      "BlazorGoogleMaps": {
        "type": "Transitive",
        "resolved": "4.16.0",
        "contentHash": "OKk8kbIyzaIXM7aki9F/3Mi4Nykwq3YPnMxKl8gp90PbasAvJbMZBXpsazWW2Zw2avSgoq+dvxxf6o+YaGS/9Q==",
        "dependencies": {
          "OneOf": "3.0.271"
        }
      },
      "libsodium": {
        "type": "Transitive",
        "resolved": "1.0.22",
        "contentHash": "KPD9SloJFclrsjnhABu7dzWrcyYkwPbvx5l1gRSPAX/0n+OBtSiVCKtGFv4n+ecWUHU0tCG9LSSwoZZx673zBQ=="
      },
      "MudBlazor": {
        "type": "Transitive",
        "resolved": "9.9.0",
        "contentHash": "da57tXFdMFbatyTQYDCzZ3I2pXZgOpS737+ErZuXLc2YRmSC98VL9/keJOjKd5Am8YAxg7cf3lrKqFc6IoG3ag=="
      },
      "Newtonsoft.Json": {
        "type": "Transitive",
        "resolved": "13.0.4",
        "contentHash": "pdgNNMai3zv51W5aq268sujXUyx7SNdE2bj1wZcWjAQrKMFZV260lbqYop1d2GM67JI1huLRwxo9ZqnfF/lC6A=="
      },
      "NSec.Cryptography": {
        "type": "Transitive",
        "resolved": "26.4.0",
        "contentHash": "0vsCtY5f+YgQROiWNqzgWp+l2pddfk9FkWoGV/bEo0MuEYPKlJWuoA8aOfO6qp3f+EnObKE3zSJhn1PspJeJVg==",
        "dependencies": {
          "libsodium": "[1.0.22, 1.0.23)"
        }
      },
      "OneOf": {
        "type": "Transitive",
        "resolved": "3.0.271",
        "contentHash": "pqpqeK8xQGggExhr4tesVgJkjdn+9HQAO0QgrYV2hFjE3y90okzk1kQMntMiUOGfV7FrCUfKPaVvPBD4IANqKg=="
      },
      "SvgPathProperties": {
        "type": "Transitive",
        "resolved": "1.1.2",
        "contentHash": "oqCX5+CxcLfC1lC6gfzOSM+WOmfwn4V7yzMHQfofi+QmYoY+Hq5oye6BgnqhHC+3BSsiadLSOnfYxpcv/enkcw=="
      },
      "blazorcomponents": {
        "type": "Project",
        "dependencies": {
          "Allegiance.Blazor.Highcharts": "[7.0.5, )",
          "BlazorGoogleMaps": "[4.16.0, )",
          "Blazored.LocalStorage": "[4.5.0, )",
          "Capnp.Net.Runtime": "[1.0.0, )",
          "MudBlazor": "[9.9.0, )",
          "Newtonsoft.Json": "[13.0.4, )",
          "Tomlyn": "[2.10.1, )",
          "Zalf.Mas.CapnpSchemas": "[0.0.1, )",
          "common": "[1.0.0, )"
        }
      },
      "capnp.net.runtime": {
        "type": "Project"
      },
      "common": {
        "type": "Project",
        "dependencies": {
          "Capnp.Net.Runtime": "[1.0.0, )",
          "NSec.Cryptography": "[26.4.0, )",
          "Zalf.Mas.CapnpSchemas": "[0.0.1, )"
        }
      },
      "Zalf.Mas.CapnpSchemas": {
        "type": "Project",
        "dependencies": {
          "Capnp.Net.Runtime": "[1.0.0, )"
        }
      }
    }
  }
}